
Microsoft Visual Studio Solution File, Format Version 12.00
# Visual Studio Version 17
VisualStudioVersion = 17.12.35506.116 d17.12
MinimumVisualStudioVersion = 10.0.40219.1
Project("{FAE04EC0-301F-11D3-BF4B-00C04F79EFBC}") = "Assigment", "Assigment\Assigment.csproj", "{89AC1ED2-564D-4406-8E8E-10D2C5D8CC99}"
EndProject
Global
	GlobalSection(SolutionConfigurationPlatforms) = preSolution
		Debug|Any CPU = Debug|Any CPU
		Release|Any CPU = Release|Any CPU
	EndGlobalSection
	GlobalSection(ProjectConfigurationPlatforms) = postSolution
		{89AC1ED2-564D-4406-8E8E-10D2C5D8CC99}.Debug|Any CPU.ActiveCfg = Debug|Any CPU
		{89AC1ED2-564D-4406-8E8E-10D2C5D8CC99}.Debug|Any CPU.Build.0 = Debug|Any CPU
		{89AC1ED2-564D-4406-8E8E-10D2C5D8CC99}.Release|Any CPU.ActiveCfg = Release|Any CPU
		{89AC1ED2-564D-4406-8E8E-10D2C5D8CC99}.Release|Any CPU.Build.0 = Release|Any CPU
	EndGlobalSection
	GlobalSection(SolutionProperties) = preSolution
		HideSolutionNode = FALSE
	EndGlobalSection
EndGlobal
